// !$*UTF8*$!
{
	archiveVersion = 1;
	classes = {
	};
	objectVersion = 51;
	objects = {

/* Begin PBXBuildFile section */
		089B10E424292AE500435757 /* GoogleService-Info.plist in Resources */ = {isa = PBXBuildFile; fileRef = 089B10E324292AE500435757 /* GoogleService-Info.plist */; };
		08D27AFD23EC7DB0002D149A /* AppDelegate.swift in Sources */ = {isa = PBXBuildFile; fileRef = 08D27AFC23EC7DB0002D149A /* AppDelegate.swift */; };
		08D27AFF23EC7DB0002D149A /* SceneDelegate.swift in Sources */ = {isa = PBXBuildFile; fileRef = 08D27AFE23EC7DB0002D149A /* SceneDelegate.swift */; };
		08D27B0123EC7DB0002D149A /* ViewController.swift in Sources */ = {isa = PBXBuildFile; fileRef = 08D27B0023EC7DB0002D149A /* ViewController.swift */; };
		08D27B0423EC7DB0002D149A /* Main.storyboard in Resources */ = {isa = PBXBuildFile; fileRef = 08D27B0223EC7DB0002D149A /* Main.storyboard */; };
		08D27B0623EC7DB2002D149A /* Assets.xcassets in Resources */ = {isa = PBXBuildFile; fileRef = 08D27B0523EC7DB2002D149A /* Assets.xcassets */; };
		08D27B0923EC7DB2002D149A /* LaunchScreen.storyboard in Resources */ = {isa = PBXBuildFile; fileRef = 08D27B0723EC7DB2002D149A /* LaunchScreen.storyboard */; };
		08D27B1423EC7DB2002D149A /* BoostNoteTests.swift in Sources */ = {isa = PBXBuildFile; fileRef = 08D27B1323EC7DB2002D149A /* BoostNoteTests.swift */; };
		08D27B1F23EC7DB2002D149A /* BoostNoteUITests.swift in Sources */ = {isa = PBXBuildFile; fileRef = 08D27B1E23EC7DB2002D149A /* BoostNoteUITests.swift */; };
		08D27B3323EC89EF002D149A /* compiled in Resources */ = {isa = PBXBuildFile; fileRef = 08D27B3223EC89EE002D149A /* compiled */; };
		55F9CFE05CC5CDB86DAE7438 /* Pods_BoostNote_BoostNoteUITests.framework in Frameworks */ = {isa = PBXBuildFile; fileRef = 7706F2A5842D559D4D82F3BE /* Pods_BoostNote_BoostNoteUITests.framework */; };
		6E83DE286BEAAD5D8E1F5254 /* Pods_BoostNote.framework in Frameworks */ = {isa = PBXBuildFile; fileRef = 44833E2F7C1C2199E983582D /* Pods_BoostNote.framework */; };
		80E9BCF41B3699A6391934E2 /* Pods_BoostNoteTests.framework in Frameworks */ = {isa = PBXBuildFile; fileRef = DF7B56B6349CBE62069E60EE /* Pods_BoostNoteTests.framework */; };
/* End PBXBuildFile section */

/* Begin PBXContainerItemProxy section */
		08D27B1023EC7DB2002D149A /* PBXContainerItemProxy */ = {
			isa = PBXContainerItemProxy;
			containerPortal = 08D27AF123EC7DB0002D149A /* Project object */;
			proxyType = 1;
			remoteGlobalIDString = 08D27AF823EC7DB0002D149A;
			remoteInfo = BoostNote;
		};
		08D27B1B23EC7DB2002D149A /* PBXContainerItemProxy */ = {
			isa = PBXContainerItemProxy;
			containerPortal = 08D27AF123EC7DB0002D149A /* Project object */;
			proxyType = 1;
			remoteGlobalIDString = 08D27AF823EC7DB0002D149A;
			remoteInfo = BoostNote;
		};
/* End PBXContainerItemProxy section */

/* Begin PBXFileReference section */
		089B10E324292AE500435757 /* GoogleService-Info.plist */ = {isa = PBXFileReference; fileEncoding = 4; lastKnownFileType = text.plist.xml; path = "GoogleService-Info.plist"; sourceTree = "<group>"; };
		08D27AF923EC7DB0002D149A /* BoostNote.app */ = {isa = PBXFileReference; explicitFileType = wrapper.application; includeInIndex = 0; path = BoostNote.app; sourceTree = BUILT_PRODUCTS_DIR; };
		08D27AFC23EC7DB0002D149A /* AppDelegate.swift */ = {isa = PBXFileReference; lastKnownFileType = sourcecode.swift; path = AppDelegate.swift; sourceTree = "<group>"; };
		08D27AFE23EC7DB0002D149A /* SceneDelegate.swift */ = {isa = PBXFileReference; lastKnownFileType = sourcecode.swift; path = SceneDelegate.swift; sourceTree = "<group>"; };
		08D27B0023EC7DB0002D149A /* ViewController.swift */ = {isa = PBXFileReference; lastKnownFileType = sourcecode.swift; path = ViewController.swift; sourceTree = "<group>"; };
		08D27B0323EC7DB0002D149A /* Base */ = {isa = PBXFileReference; lastKnownFileType = file.storyboard; name = Base; path = Base.lproj/Main.storyboard; sourceTree = "<group>"; };
		08D27B0523EC7DB2002D149A /* Assets.xcassets */ = {isa = PBXFileReference; lastKnownFileType = folder.assetcatalog; path = Assets.xcassets; sourceTree = "<group>"; };
		08D27B0823EC7DB2002D149A /* Base */ = {isa = PBXFileReference; lastKnownFileType = file.storyboard; name = Base; path = Base.lproj/LaunchScreen.storyboard; sourceTree = "<group>"; };
		08D27B0A23EC7DB2002D149A /* Info.plist */ = {isa = PBXFileReference; lastKnownFileType = text.plist.xml; path = Info.plist; sourceTree = "<group>"; };
		08D27B0F23EC7DB2002D149A /* BoostNoteTests.xctest */ = {isa = PBXFileReference; explicitFileType = wrapper.cfbundle; includeInIndex = 0; path = BoostNoteTests.xctest; sourceTree = BUILT_PRODUCTS_DIR; };
		08D27B1323EC7DB2002D149A /* BoostNoteTests.swift */ = {isa = PBXFileReference; lastKnownFileType = sourcecode.swift; path = BoostNoteTests.swift; sourceTree = "<group>"; };
		08D27B1523EC7DB2002D149A /* Info.plist */ = {isa = PBXFileReference; lastKnownFileType = text.plist.xml; path = Info.plist; sourceTree = "<group>"; };
		08D27B1A23EC7DB2002D149A /* BoostNoteUITests.xctest */ = {isa = PBXFileReference; explicitFileType = wrapper.cfbundle; includeInIndex = 0; path = BoostNoteUITests.xctest; sourceTree = BUILT_PRODUCTS_DIR; };
		08D27B1E23EC7DB2002D149A /* BoostNoteUITests.swift */ = {isa = PBXFileReference; lastKnownFileType = sourcecode.swift; path = BoostNoteUITests.swift; sourceTree = "<group>"; };
		08D27B2023EC7DB2002D149A /* Info.plist */ = {isa = PBXFileReference; lastKnownFileType = text.plist.xml; path = Info.plist; sourceTree = "<group>"; };
		08D27B3223EC89EE002D149A /* compiled */ = {isa = PBXFileReference; lastKnownFileType = folder; path = compiled; sourceTree = "<group>"; };
		44833E2F7C1C2199E983582D /* Pods_BoostNote.framework */ = {isa = PBXFileReference; explicitFileType = wrapper.framework; includeInIndex = 0; path = Pods_BoostNote.framework; sourceTree = BUILT_PRODUCTS_DIR; };
		462004D6D361CD71AC6C39CA /* Pods-BoostNote-BoostNoteUITests.debug.xcconfig */ = {isa = PBXFileReference; includeInIndex = 1; lastKnownFileType = text.xcconfig; name = "Pods-BoostNote-BoostNoteUITests.debug.xcconfig"; path = "Target Support Files/Pods-BoostNote-BoostNoteUITests/Pods-BoostNote-BoostNoteUITests.debug.xcconfig"; sourceTree = "<group>"; };
		7706F2A5842D559D4D82F3BE /* Pods_BoostNote_BoostNoteUITests.framework */ = {isa = PBXFileReference; explicitFileType = wrapper.framework; includeInIndex = 0; path = Pods_BoostNote_BoostNoteUITests.framework; sourceTree = BUILT_PRODUCTS_DIR; };
		8803E30622396296D815A7A3 /* Pods-BoostNoteTests.release.xcconfig */ = {isa = PBXFileReference; includeInIndex = 1; lastKnownFileType = text.xcconfig; name = "Pods-BoostNoteTests.release.xcconfig"; path = "Target Support Files/Pods-BoostNoteTests/Pods-BoostNoteTests.release.xcconfig"; sourceTree = "<group>"; };
		A3727067A38D615FD41F2CD6 /* Pods-BoostNote.release.xcconfig */ = {isa = PBXFileReference; includeInIndex = 1; lastKnownFileType = text.xcconfig; name = "Pods-BoostNote.release.xcconfig"; path = "Target Support Files/Pods-BoostNote/Pods-BoostNote.release.xcconfig"; sourceTree = "<group>"; };
		AF1AA59DF1514DE514FA21ED /* Pods-BoostNoteTests.debug.xcconfig */ = {isa = PBXFileReference; includeInIndex = 1; lastKnownFileType = text.xcconfig; name = "Pods-BoostNoteTests.debug.xcconfig"; path = "Target Support Files/Pods-BoostNoteTests/Pods-BoostNoteTests.debug.xcconfig"; sourceTree = "<group>"; };
		C93F5CD4EB537A2037FE3BE3 /* Pods-BoostNote.debug.xcconfig */ = {isa = PBXFileReference; includeInIndex = 1; lastKnownFileType = text.xcconfig; name = "Pods-BoostNote.debug.xcconfig"; path = "Target Support Files/Pods-BoostNote/Pods-BoostNote.debug.xcconfig"; sourceTree = "<group>"; };
		DF7B56B6349CBE62069E60EE /* Pods_BoostNoteTests.framework */ = {isa = PBXFileReference; explicitFileType = wrapper.framework; includeInIndex = 0; path = Pods_BoostNoteTests.framework; sourceTree = BUILT_PRODUCTS_DIR; };
		F1D42D040F781D0B1DEF55E6 /* Pods-BoostNote-BoostNoteUITests.release.xcconfig */ = {isa = PBXFileReference; includeInIndex = 1; lastKnownFileType = text.xcconfig; name = "Pods-BoostNote-BoostNoteUITests.release.xcconfig"; path = "Target Support Files/Pods-BoostNote-BoostNoteUITests/Pods-BoostNote-BoostNoteUITests.release.xcconfig"; sourceTree = "<group>"; };
/* End PBXFileReference section */

/* Begin PBXFrameworksBuildPhase section */
		08D27AF623EC7DB0002D149A /* Frameworks */ = {
			isa = PBXFrameworksBuildPhase;
			buildActionMask = 2147483647;
			files = (
				6E83DE286BEAAD5D8E1F5254 /* Pods_BoostNote.framework in Frameworks */,
			);
			runOnlyForDeploymentPostprocessing = 0;
		};
		08D27B0C23EC7DB2002D149A /* Frameworks */ = {
			isa = PBXFrameworksBuildPhase;
			buildActionMask = 2147483647;
			files = (
				80E9BCF41B3699A6391934E2 /* Pods_BoostNoteTests.framework in Frameworks */,
			);
			runOnlyForDeploymentPostprocessing = 0;
		};
		08D27B1723EC7DB2002D149A /* Frameworks */ = {
			isa = PBXFrameworksBuildPhase;
			buildActionMask = 2147483647;
			files = (
				55F9CFE05CC5CDB86DAE7438 /* Pods_BoostNote_BoostNoteUITests.framework in Frameworks */,
			);
			runOnlyForDeploymentPostprocessing = 0;
		};
/* End PBXFrameworksBuildPhase section */

/* Begin PBXGroup section */
		08D27AF023EC7DB0002D149A = {
			isa = PBXGroup;
			children = (
				08D27AFB23EC7DB0002D149A /* BoostNote */,
				08D27B1223EC7DB2002D149A /* BoostNoteTests */,
				08D27B1D23EC7DB2002D149A /* BoostNoteUITests */,
				08D27AFA23EC7DB0002D149A /* Products */,
				BC91E229DC7AE3D635EE0EBC /* Pods */,
				7A38D2490B448A075DCE8FAE /* Frameworks */,
			);
			sourceTree = "<group>";
		};
		08D27AFA23EC7DB0002D149A /* Products */ = {
			isa = PBXGroup;
			children = (
				08D27AF923EC7DB0002D149A /* BoostNote.app */,
				08D27B0F23EC7DB2002D149A /* BoostNoteTests.xctest */,
				08D27B1A23EC7DB2002D149A /* BoostNoteUITests.xctest */,
			);
			name = Products;
			sourceTree = "<group>";
		};
		08D27AFB23EC7DB0002D149A /* BoostNote */ = {
			isa = PBXGroup;
			children = (
				08D27AFC23EC7DB0002D149A /* AppDelegate.swift */,
				08D27AFE23EC7DB0002D149A /* SceneDelegate.swift */,
				08D27B3223EC89EE002D149A /* compiled */,
				08D27B0023EC7DB0002D149A /* ViewController.swift */,
				08D27B0223EC7DB0002D149A /* Main.storyboard */,
				08D27B0523EC7DB2002D149A /* Assets.xcassets */,
				08D27B0723EC7DB2002D149A /* LaunchScreen.storyboard */,
				08D27B0A23EC7DB2002D149A /* Info.plist */,
				089B10E324292AE500435757 /* GoogleService-Info.plist */,
			);
			path = BoostNote;
			sourceTree = "<group>";
		};
		08D27B1223EC7DB2002D149A /* BoostNoteTests */ = {
			isa = PBXGroup;
			children = (
				08D27B1323EC7DB2002D149A /* BoostNoteTests.swift */,
				08D27B1523EC7DB2002D149A /* Info.plist */,
			);
			path = BoostNoteTests;
			sourceTree = "<group>";
		};
		08D27B1D23EC7DB2002D149A /* BoostNoteUITests */ = {
			isa = PBXGroup;
			children = (
				08D27B1E23EC7DB2002D149A /* BoostNoteUITests.swift */,
				08D27B2023EC7DB2002D149A /* Info.plist */,
			);
			path = BoostNoteUITests;
			sourceTree = "<group>";
		};
		7A38D2490B448A075DCE8FAE /* Frameworks */ = {
			isa = PBXGroup;
			children = (
				44833E2F7C1C2199E983582D /* Pods_BoostNote.framework */,
				7706F2A5842D559D4D82F3BE /* Pods_BoostNote_BoostNoteUITests.framework */,
				DF7B56B6349CBE62069E60EE /* Pods_BoostNoteTests.framework */,
			);
			name = Frameworks;
			sourceTree = "<group>";
		};
		BC91E229DC7AE3D635EE0EBC /* Pods */ = {
			isa = PBXGroup;
			children = (
				C93F5CD4EB537A2037FE3BE3 /* Pods-BoostNote.debug.xcconfig */,
				A3727067A38D615FD41F2CD6 /* Pods-BoostNote.release.xcconfig */,
				462004D6D361CD71AC6C39CA /* Pods-BoostNote-BoostNoteUITests.debug.xcconfig */,
				F1D42D040F781D0B1DEF55E6 /* Pods-BoostNote-BoostNoteUITests.release.xcconfig */,
				AF1AA59DF1514DE514FA21ED /* Pods-BoostNoteTests.debug.xcconfig */,
				8803E30622396296D815A7A3 /* Pods-BoostNoteTests.release.xcconfig */,
			);
			path = Pods;
			sourceTree = "<group>";
		};
/* End PBXGroup section */

/* Begin PBXNativeTarget section */
		08D27AF823EC7DB0002D149A /* BoostNote */ = {
			isa = PBXNativeTarget;
			buildConfigurationList = 08D27B2323EC7DB2002D149A /* Build configuration list for PBXNativeTarget "BoostNote" */;
			buildPhases = (
				7B1E3B07905D6809B132726A /* [CP] Check Pods Manifest.lock */,
				08D27AF523EC7DB0002D149A /* Sources */,
				08D27AF623EC7DB0002D149A /* Frameworks */,
				08D27AF723EC7DB0002D149A /* Resources */,
				65F667AB88B9806F4290553C /* [CP] Embed Pods Frameworks */,
			);
			buildRules = (
			);
			dependencies = (
			);
			name = BoostNote;
			productName = BoostNote;
			productReference = 08D27AF923EC7DB0002D149A /* BoostNote.app */;
			productType = "com.apple.product-type.application";
		};
		08D27B0E23EC7DB2002D149A /* BoostNoteTests */ = {
			isa = PBXNativeTarget;
			buildConfigurationList = 08D27B2623EC7DB2002D149A /* Build configuration list for PBXNativeTarget "BoostNoteTests" */;
			buildPhases = (
				E19D93809C3D7ED9CEC59FA9 /* [CP] Check Pods Manifest.lock */,
				08D27B0B23EC7DB2002D149A /* Sources */,
				08D27B0C23EC7DB2002D149A /* Frameworks */,
				08D27B0D23EC7DB2002D149A /* Resources */,
			);
			buildRules = (
			);
			dependencies = (
				08D27B1123EC7DB2002D149A /* PBXTargetDependency */,
			);
			name = BoostNoteTests;
			productName = BoostNoteTests;
			productReference = 08D27B0F23EC7DB2002D149A /* BoostNoteTests.xctest */;
			productType = "com.apple.product-type.bundle.unit-test";
		};
		08D27B1923EC7DB2002D149A /* BoostNoteUITests */ = {
			isa = PBXNativeTarget;
			buildConfigurationList = 08D27B2923EC7DB2002D149A /* Build configuration list for PBXNativeTarget "BoostNoteUITests" */;
			buildPhases = (
				2D18C5DFB489575306401C9E /* [CP] Check Pods Manifest.lock */,
				08D27B1623EC7DB2002D149A /* Sources */,
				08D27B1723EC7DB2002D149A /* Frameworks */,
				08D27B1823EC7DB2002D149A /* Resources */,
				7884166EEC7ED2AFC5106534 /* [CP] Embed Pods Frameworks */,
			);
			buildRules = (
			);
			dependencies = (
				08D27B1C23EC7DB2002D149A /* PBXTargetDependency */,
			);
			name = BoostNoteUITests;
			productName = BoostNoteUITests;
			productReference = 08D27B1A23EC7DB2002D149A /* BoostNoteUITests.xctest */;
			productType = "com.apple.product-type.bundle.ui-testing";
		};
/* End PBXNativeTarget section */

/* Begin PBXProject section */
		08D27AF123EC7DB0002D149A /* Project object */ = {
			isa = PBXProject;
			attributes = {
				LastSwiftUpdateCheck = 1130;
				LastUpgradeCheck = 1130;
				ORGANIZATIONNAME = BoostIO;
				TargetAttributes = {
					08D27AF823EC7DB0002D149A = {
						CreatedOnToolsVersion = 11.3.1;
					};
					08D27B0E23EC7DB2002D149A = {
						CreatedOnToolsVersion = 11.3.1;
						TestTargetID = 08D27AF823EC7DB0002D149A;
					};
					08D27B1923EC7DB2002D149A = {
						CreatedOnToolsVersion = 11.3.1;
						TestTargetID = 08D27AF823EC7DB0002D149A;
					};
				};
			};
			buildConfigurationList = 08D27AF423EC7DB0002D149A /* Build configuration list for PBXProject "BoostNote" */;
			compatibilityVersion = "Xcode 9.3";
			developmentRegion = en;
			hasScannedForEncodings = 0;
			knownRegions = (
				en,
				Base,
			);
			mainGroup = 08D27AF023EC7DB0002D149A;
			productRefGroup = 08D27AFA23EC7DB0002D149A /* Products */;
			projectDirPath = "";
			projectRoot = "";
			targets = (
				08D27AF823EC7DB0002D149A /* BoostNote */,
				08D27B0E23EC7DB2002D149A /* BoostNoteTests */,
				08D27B1923EC7DB2002D149A /* BoostNoteUITests */,
			);
		};
/* End PBXProject section */

/* Begin PBXResourcesBuildPhase section */
		08D27AF723EC7DB0002D149A /* Resources */ = {
			isa = PBXResourcesBuildPhase;
			buildActionMask = 2147483647;
			files = (
				08D27B0923EC7DB2002D149A /* LaunchScreen.storyboard in Resources */,
				08D27B3323EC89EF002D149A /* compiled in Resources */,
				089B10E424292AE500435757 /* GoogleService-Info.plist in Resources */,
				08D27B0623EC7DB2002D149A /* Assets.xcassets in Resources */,
				08D27B0423EC7DB0002D149A /* Main.storyboard in Resources */,
			);
			runOnlyForDeploymentPostprocessing = 0;
		};
		08D27B0D23EC7DB2002D149A /* Resources */ = {
			isa = PBXResourcesBuildPhase;
			buildActionMask = 2147483647;
			files = (
			);
			runOnlyForDeploymentPostprocessing = 0;
		};
		08D27B1823EC7DB2002D149A /* Resources */ = {
			isa = PBXResourcesBuildPhase;
			buildActionMask = 2147483647;
			files = (
			);
			runOnlyForDeploymentPostprocessing = 0;
		};
/* End PBXResourcesBuildPhase section */

/* Begin PBXShellScriptBuildPhase section */
		2D18C5DFB489575306401C9E /* [CP] Check Pods Manifest.lock */ = {
			isa = PBXShellScriptBuildPhase;
			buildActionMask = 2147483647;
			files = (
			);
			inputFileListPaths = (
			);
			inputPaths = (
				"${PODS_PODFILE_DIR_PATH}/Podfile.lock",
				"${PODS_ROOT}/Manifest.lock",
			);
			name = "[CP] Check Pods Manifest.lock";
			outputFileListPaths = (
			);
			outputPaths = (
				"$(DERIVED_FILE_DIR)/Pods-BoostNote-BoostNoteUITests-checkManifestLockResult.txt",
			);
			runOnlyForDeploymentPostprocessing = 0;
			shellPath = /bin/sh;
			shellScript = "diff \"${PODS_PODFILE_DIR_PATH}/Podfile.lock\" \"${PODS_ROOT}/Manifest.lock\" > /dev/null\nif [ $? != 0 ] ; then\n    # print error to STDERR\n    echo \"error: The sandbox is not in sync with the Podfile.lock. Run 'pod install' or update your CocoaPods installation.\" >&2\n    exit 1\nfi\n# This output is used by Xcode 'outputs' to avoid re-running this script phase.\necho \"SUCCESS\" > \"${SCRIPT_OUTPUT_FILE_0}\"\n";
			showEnvVarsInLog = 0;
		};
		65F667AB88B9806F4290553C /* [CP] Embed Pods Frameworks */ = {
			isa = PBXShellScriptBuildPhase;
			buildActionMask = 2147483647;
			files = (
			);
			inputFileListPaths = (
				"${PODS_ROOT}/Target Support Files/Pods-BoostNote/Pods-BoostNote-frameworks-${CONFIGURATION}-input-files.xcfilelist",
			);
			name = "[CP] Embed Pods Frameworks";
			outputFileListPaths = (
				"${PODS_ROOT}/Target Support Files/Pods-BoostNote/Pods-BoostNote-frameworks-${CONFIGURATION}-output-files.xcfilelist",
			);
			runOnlyForDeploymentPostprocessing = 0;
			shellPath = /bin/sh;
			shellScript = "\"${PODS_ROOT}/Target Support Files/Pods-BoostNote/Pods-BoostNote-frameworks.sh\"\n";
			showEnvVarsInLog = 0;
		};
		7884166EEC7ED2AFC5106534 /* [CP] Embed Pods Frameworks */ = {
			isa = PBXShellScriptBuildPhase;
			buildActionMask = 2147483647;
			files = (
			);
			inputFileListPaths = (
				"${PODS_ROOT}/Target Support Files/Pods-BoostNote-BoostNoteUITests/Pods-BoostNote-BoostNoteUITests-frameworks-${CONFIGURATION}-input-files.xcfilelist",
			);
			name = "[CP] Embed Pods Frameworks";
			outputFileListPaths = (
				"${PODS_ROOT}/Target Support Files/Pods-BoostNote-BoostNoteUITests/Pods-BoostNote-BoostNoteUITests-frameworks-${CONFIGURATION}-output-files.xcfilelist",
			);
			runOnlyForDeploymentPostprocessing = 0;
			shellPath = /bin/sh;
			shellScript = "\"${PODS_ROOT}/Target Support Files/Pods-BoostNote-BoostNoteUITests/Pods-BoostNote-BoostNoteUITests-frameworks.sh\"\n";
			showEnvVarsInLog = 0;
		};
		7B1E3B07905D6809B132726A /* [CP] Check Pods Manifest.lock */ = {
			isa = PBXShellScriptBuildPhase;
			buildActionMask = 2147483647;
			files = (
			);
			inputFileListPaths = (
			);
			inputPaths = (
				"${PODS_PODFILE_DIR_PATH}/Podfile.lock",
				"${PODS_ROOT}/Manifest.lock",
			);
			name = "[CP] Check Pods Manifest.lock";
			outputFileListPaths = (
			);
			outputPaths = (
				"$(DERIVED_FILE_DIR)/Pods-BoostNote-checkManifestLockResult.txt",
			);
			runOnlyForDeploymentPostprocessing = 0;
			shellPath = /bin/sh;
			shellScript = "diff \"${PODS_PODFILE_DIR_PATH}/Podfile.lock\" \"${PODS_ROOT}/Manifest.lock\" > /dev/null\nif [ $? != 0 ] ; then\n    # print error to STDERR\n    echo \"error: The sandbox is not in sync with the Podfile.lock. Run 'pod install' or update your CocoaPods installation.\" >&2\n    exit 1\nfi\n# This output is used by Xcode 'outputs' to avoid re-running this script phase.\necho \"SUCCESS\" > \"${SCRIPT_OUTPUT_FILE_0}\"\n";
			showEnvVarsInLog = 0;
		};
		E19D93809C3D7ED9CEC59FA9 /* [CP] Check Pods Manifest.lock */ = {
			isa = PBXShellScriptBuildPhase;
			buildActionMask = 2147483647;
			files = (
			);
			inputFileListPaths = (
			);
			inputPaths = (
				"${PODS_PODFILE_DIR_PATH}/Podfile.lock",
				"${PODS_ROOT}/Manifest.lock",
			);
			name = "[CP] Check Pods Manifest.lock";
			outputFileListPaths = (
			);
			outputPaths = (
				"$(DERIVED_FILE_DIR)/Pods-BoostNoteTests-checkManifestLockResult.txt",
			);
			runOnlyForDeploymentPostprocessing = 0;
			shellPath = /bin/sh;
			shellScript = "diff \"${PODS_PODFILE_DIR_PATH}/Podfile.lock\" \"${PODS_ROOT}/Manifest.lock\" > /dev/null\nif [ $? != 0 ] ; then\n    # print error to STDERR\n    echo \"error: The sandbox is not in sync with the Podfile.lock. Run 'pod install' or update your CocoaPods installation.\" >&2\n    exit 1\nfi\n# This output is used by Xcode 'outputs' to avoid re-running this script phase.\necho \"SUCCESS\" > \"${SCRIPT_OUTPUT_FILE_0}\"\n";
			showEnvVarsInLog = 0;
		};
/* End PBXShellScriptBuildPhase section */

/* Begin PBXSourcesBuildPhase section */
		08D27AF523EC7DB0002D149A /* Sources */ = {
			isa = PBXSourcesBuildPhase;
			buildActionMask = 2147483647;
			files = (
				08D27B0123EC7DB0002D149A /* ViewController.swift in Sources */,
				08D27AFD23EC7DB0002D149A /* AppDelegate.swift in Sources */,
				08D27AFF23EC7DB0002D149A /* SceneDelegate.swift in Sources */,
			);
			runOnlyForDeploymentPostprocessing = 0;
		};
		08D27B0B23EC7DB2002D149A /* Sources */ = {
			isa = PBXSourcesBuildPhase;
			buildActionMask = 2147483647;
			files = (
				08D27B1423EC7DB2002D149A /* BoostNoteTests.swift in Sources */,
			);
			runOnlyForDeploymentPostprocessing = 0;
		};
		08D27B1623EC7DB2002D149A /* Sources */ = {
			isa = PBXSourcesBuildPhase;
			buildActionMask = 2147483647;
			files = (
				08D27B1F23EC7DB2002D149A /* BoostNoteUITests.swift in Sources */,
			);
			runOnlyForDeploymentPostprocessing = 0;
		};
/* End PBXSourcesBuildPhase section */

/* Begin PBXTargetDependency section */
		08D27B1123EC7DB2002D149A /* PBXTargetDependency */ = {
			isa = PBXTargetDependency;
			target = 08D27AF823EC7DB0002D149A /* BoostNote */;
			targetProxy = 08D27B1023EC7DB2002D149A /* PBXContainerItemProxy */;
		};
		08D27B1C23EC7DB2002D149A /* PBXTargetDependency */ = {
			isa = PBXTargetDependency;
			target = 08D27AF823EC7DB0002D149A /* BoostNote */;
			targetProxy = 08D27B1B23EC7DB2002D149A /* PBXContainerItemProxy */;
		};
/* End PBXTargetDependency section */

/* Begin PBXVariantGroup section */
		08D27B0223EC7DB0002D149A /* Main.storyboard */ = {
			isa = PBXVariantGroup;
			children = (
				08D27B0323EC7DB0002D149A /* Base */,
			);
			name = Main.storyboard;
			sourceTree = "<group>";
		};
		08D27B0723EC7DB2002D149A /* LaunchScreen.storyboard */ = {
			isa = PBXVariantGroup;
			children = (
				08D27B0823EC7DB2002D149A /* Base */,
			);
			name = LaunchScreen.storyboard;
			sourceTree = "<group>";
		};
/* End PBXVariantGroup section */

/* Begin XCBuildConfiguration section */
		08D27B2123EC7DB2002D149A /* Debug */ = {
			isa = XCBuildConfiguration;
			buildSettings = {
				ALWAYS_SEARCH_USER_PATHS = NO;
				CLANG_ANALYZER_NONNULL = YES;
				CLANG_ANALYZER_NUMBER_OBJECT_CONVERSION = YES_AGGRESSIVE;
				CLANG_CXX_LANGUAGE_STANDARD = "gnu++14";
				CLANG_CXX_LIBRARY = "libc++";
				CLANG_ENABLE_MODULES = YES;
				CLANG_ENABLE_OBJC_ARC = YES;
				CLANG_ENABLE_OBJC_WEAK = YES;
				CLANG_WARN_BLOCK_CAPTURE_AUTORELEASING = YES;
				CLANG_WARN_BOOL_CONVERSION = YES;
				CLANG_WARN_COMMA = YES;
				CLANG_WARN_CONSTANT_CONVERSION = YES;
				CLANG_WARN_DEPRECATED_OBJC_IMPLEMENTATIONS = YES;
				CLANG_WARN_DIRECT_OBJC_ISA_USAGE = YES_ERROR;
				CLANG_WARN_DOCUMENTATION_COMMENTS = YES;
				CLANG_WARN_EMPTY_BODY = YES;
				CLANG_WARN_ENUM_CONVERSION = YES;
				CLANG_WARN_INFINITE_RECURSION = YES;
				CLANG_WARN_INT_CONVERSION = YES;
				CLANG_WARN_NON_LITERAL_NULL_CONVERSION = YES;
				CLANG_WARN_OBJC_IMPLICIT_RETAIN_SELF = YES;
				CLANG_WARN_OBJC_LITERAL_CONVERSION = YES;
				CLANG_WARN_OBJC_ROOT_CLASS = YES_ERROR;
				CLANG_WARN_RANGE_LOOP_ANALYSIS = YES;
				CLANG_WARN_STRICT_PROTOTYPES = YES;
				CLANG_WARN_SUSPICIOUS_MOVE = YES;
				CLANG_WARN_UNGUARDED_AVAILABILITY = YES_AGGRESSIVE;
				CLANG_WARN_UNREACHABLE_CODE = YES;
				CLANG_WARN__DUPLICATE_METHOD_MATCH = YES;
				COPY_PHASE_STRIP = NO;
				DEBUG_INFORMATION_FORMAT = dwarf;
				ENABLE_STRICT_OBJC_MSGSEND = YES;
				ENABLE_TESTABILITY = YES;
				GCC_C_LANGUAGE_STANDARD = gnu11;
				GCC_DYNAMIC_NO_PIC = NO;
				GCC_NO_COMMON_BLOCKS = YES;
				GCC_OPTIMIZATION_LEVEL = 0;
				GCC_PREPROCESSOR_DEFINITIONS = (
					"DEBUG=1",
					"$(inherited)",
				);
				GCC_WARN_64_TO_32_BIT_CONVERSION = YES;
				GCC_WARN_ABOUT_RETURN_TYPE = YES_ERROR;
				GCC_WARN_UNDECLARED_SELECTOR = YES;
				GCC_WARN_UNINITIALIZED_AUTOS = YES_AGGRESSIVE;
				GCC_WARN_UNUSED_FUNCTION = YES;
				GCC_WARN_UNUSED_VARIABLE = YES;
				IPHONEOS_DEPLOYMENT_TARGET = 13.2;
				MTL_ENABLE_DEBUG_INFO = INCLUDE_SOURCE;
				MTL_FAST_MATH = YES;
				ONLY_ACTIVE_ARCH = YES;
				SDKROOT = iphoneos;
				SWIFT_ACTIVE_COMPILATION_CONDITIONS = DEBUG;
				SWIFT_OPTIMIZATION_LEVEL = "-Onone";
			};
			name = Debug;
		};
		08D27B2223EC7DB2002D149A /* Release */ = {
			isa = XCBuildConfiguration;
			buildSettings = {
				ALWAYS_SEARCH_USER_PATHS = NO;
				CLANG_ANALYZER_NONNULL = YES;
				CLANG_ANALYZER_NUMBER_OBJECT_CONVERSION = YES_AGGRESSIVE;
				CLANG_CXX_LANGUAGE_STANDARD = "gnu++14";
				CLANG_CXX_LIBRARY = "libc++";
				CLANG_ENABLE_MODULES = YES;
				CLANG_ENABLE_OBJC_ARC = YES;
				CLANG_ENABLE_OBJC_WEAK = YES;
				CLANG_WARN_BLOCK_CAPTURE_AUTORELEASING = YES;
				CLANG_WARN_BOOL_CONVERSION = YES;
				CLANG_WARN_COMMA = YES;
				CLANG_WARN_CONSTANT_CONVERSION = YES;
				CLANG_WARN_DEPRECATED_OBJC_IMPLEMENTATIONS = YES;
				CLANG_WARN_DIRECT_OBJC_ISA_USAGE = YES_ERROR;
				CLANG_WARN_DOCUMENTATION_COMMENTS = YES;
				CLANG_WARN_EMPTY_BODY = YES;
				CLANG_WARN_ENUM_CONVERSION = YES;
				CLANG_WARN_INFINITE_RECURSION = YES;
				CLANG_WARN_INT_CONVERSION = YES;
				CLANG_WARN_NON_LITERAL_NULL_CONVERSION = YES;
				CLANG_WARN_OBJC_IMPLICIT_RETAIN_SELF = YES;
				CLANG_WARN_OBJC_LITERAL_CONVERSION = YES;
				CLANG_WARN_OBJC_ROOT_CLASS = YES_ERROR;
				CLANG_WARN_RANGE_LOOP_ANALYSIS = YES;
				CLANG_WARN_STRICT_PROTOTYPES = YES;
				CLANG_WARN_SUSPICIOUS_MOVE = YES;
				CLANG_WARN_UNGUARDED_AVAILABILITY = YES_AGGRESSIVE;
				CLANG_WARN_UNREACHABLE_CODE = YES;
				CLANG_WARN__DUPLICATE_METHOD_MATCH = YES;
				COPY_PHASE_STRIP = NO;
				DEBUG_INFORMATION_FORMAT = "dwarf-with-dsym";
				ENABLE_NS_ASSERTIONS = NO;
				ENABLE_STRICT_OBJC_MSGSEND = YES;
				GCC_C_LANGUAGE_STANDARD = gnu11;
				GCC_NO_COMMON_BLOCKS = YES;
				GCC_WARN_64_TO_32_BIT_CONVERSION = YES;
				GCC_WARN_ABOUT_RETURN_TYPE = YES_ERROR;
				GCC_WARN_UNDECLARED_SELECTOR = YES;
				GCC_WARN_UNINITIALIZED_AUTOS = YES_AGGRESSIVE;
				GCC_WARN_UNUSED_FUNCTION = YES;
				GCC_WARN_UNUSED_VARIABLE = YES;
				IPHONEOS_DEPLOYMENT_TARGET = 13.2;
				MTL_ENABLE_DEBUG_INFO = NO;
				MTL_FAST_MATH = YES;
				SDKROOT = iphoneos;
				SWIFT_COMPILATION_MODE = wholemodule;
				SWIFT_OPTIMIZATION_LEVEL = "-O";
				VALIDATE_PRODUCT = YES;
			};
			name = Release;
		};
		08D27B2423EC7DB2002D149A /* Debug */ = {
			isa = XCBuildConfiguration;
			baseConfigurationReference = C93F5CD4EB537A2037FE3BE3 /* Pods-BoostNote.debug.xcconfig */;
			buildSettings = {
				ASSETCATALOG_COMPILER_APPICON_NAME = AppIcon;
				CODE_SIGN_STYLE = Automatic;
				CURRENT_PROJECT_VERSION = 7;
				DEVELOPMENT_TEAM = TG7C97ZRU2;
				INFOPLIST_FILE = BoostNote/Info.plist;
				LD_RUNPATH_SEARCH_PATHS = (
					"$(inherited)",
					"@executable_path/Frameworks",
				);
				MARKETING_VERSION = 0.4.1;
				PRODUCT_BUNDLE_IDENTIFIER = com.boostio.boostnote;
				PRODUCT_NAME = "$(TARGET_NAME)";
				SWIFT_VERSION = 5.0;
				TARGETED_DEVICE_FAMILY = "1,2";
			};
			name = Debug;
		};
		08D27B2523EC7DB2002D149A /* Release */ = {
			isa = XCBuildConfiguration;
			baseConfigurationReference = A3727067A38D615FD41F2CD6 /* Pods-BoostNote.release.xcconfig */;
			buildSettings = {
				ASSETCATALOG_COMPILER_APPICON_NAME = AppIcon;
				CODE_SIGN_STYLE = Automatic;
				CURRENT_PROJECT_VERSION = 7;
				DEVELOPMENT_TEAM = TG7C97ZRU2;
				INFOPLIST_FILE = BoostNote/Info.plist;
				LD_RUNPATH_SEARCH_PATHS = (
					"$(inherited)",
					"@executable_path/Frameworks",
				);
				MARKETING_VERSION = 0.4.1;
				PRODUCT_BUNDLE_IDENTIFIER = com.boostio.boostnote;
				PRODUCT_NAME = "$(TARGET_NAME)";
				SWIFT_VERSION = 5.0;
				TARGETED_DEVICE_FAMILY = "1,2";
			};
			name = Release;
		};
		08D27B2723EC7DB2002D149A /* Debug */ = {
			isa = XCBuildConfiguration;
			baseConfigurationReference = AF1AA59DF1514DE514FA21ED /* Pods-BoostNoteTests.debug.xcconfig */;
			buildSettings = {
				ALWAYS_EMBED_SWIFT_STANDARD_LIBRARIES = YES;
				BUNDLE_LOADER = "$(TEST_HOST)";
				CODE_SIGN_STYLE = Automatic;
				DEVELOPMENT_TEAM = TG7C97ZRU2;
				INFOPLIST_FILE = BoostNoteTests/Info.plist;
				IPHONEOS_DEPLOYMENT_TARGET = 13.2;
				LD_RUNPATH_SEARCH_PATHS = (
					"$(inherited)",
					"@executable_path/Frameworks",
					"@loader_path/Frameworks",
				);
				PRODUCT_BUNDLE_IDENTIFIER = boostio.BoostNoteTests;
				PRODUCT_NAME = "$(TARGET_NAME)";
				SWIFT_VERSION = 5.0;
				TARGETED_DEVICE_FAMILY = "1,2";
				TEST_HOST = "$(BUILT_PRODUCTS_DIR)/BoostNote.app/BoostNote";
			};
			name = Debug;
		};
		08D27B2823EC7DB2002D149A /* Release */ = {
			isa = XCBuildConfiguration;
			baseConfigurationReference = 8803E30622396296D815A7A3 /* Pods-BoostNoteTests.release.xcconfig */;
			buildSettings = {
				ALWAYS_EMBED_SWIFT_STANDARD_LIBRARIES = YES;
				BUNDLE_LOADER = "$(TEST_HOST)";
				CODE_SIGN_STYLE = Automatic;
				DEVELOPMENT_TEAM = TG7C97ZRU2;
				INFOPLIST_FILE = BoostNoteTests/Info.plist;
				IPHONEOS_DEPLOYMENT_TARGET = 13.2;
				LD_RUNPATH_SEARCH_PATHS = (
					"$(inherited)",
					"@executable_path/Frameworks",
					"@loader_path/Frameworks",
				);
				PRODUCT_BUNDLE_IDENTIFIER = boostio.BoostNoteTests;
				PRODUCT_NAME = "$(TARGET_NAME)";
				SWIFT_VERSION = 5.0;
				TARGETED_DEVICE_FAMILY = "1,2";
				TEST_HOST = "$(BUILT_PRODUCTS_DIR)/BoostNote.app/BoostNote";
			};
			name = Release;
		};
		08D27B2A23EC7DB2002D149A /* Debug */ = {
			isa = XCBuildConfiguration;
			baseConfigurationReference = 462004D6D361CD71AC6C39CA /* Pods-BoostNote-BoostNoteUITests.debug.xcconfig */;
			buildSettings = {
				ALWAYS_EMBED_SWIFT_STANDARD_LIBRARIES = YES;
				CODE_SIGN_STYLE = Automatic;
				DEVELOPMENT_TEAM = TG7C97ZRU2;
				INFOPLIST_FILE = BoostNoteUITests/Info.plist;
				LD_RUNPATH_SEARCH_PATHS = (
					"$(inherited)",
					"@executable_path/Frameworks",
					"@loader_path/Frameworks",
				);
				PRODUCT_BUNDLE_IDENTIFIER = boostio.BoostNoteUITests;
				PRODUCT_NAME = "$(TARGET_NAME)";
				SWIFT_VERSION = 5.0;
				TARGETED_DEVICE_FAMILY = "1,2";
				TEST_TARGET_NAME = BoostNote;
			};
			name = Debug;
		};
		08D27B2B23EC7DB2002D149A /* Release */ = {
			isa = XCBuildConfiguration;
			baseConfigurationReference = F1D42D040F781D0B1DEF55E6 /* Pods-BoostNote-BoostNoteUITests.release.xcconfig */;
			buildSettings = {
				ALWAYS_EMBED_SWIFT_STANDARD_LIBRARIES = YES;
				CODE_SIGN_STYLE = Automatic;
				DEVELOPMENT_TEAM = TG7C97ZRU2;
				INFOPLIST_FILE = BoostNoteUITests/Info.plist;
				LD_RUNPATH_SEARCH_PATHS = (
					"$(inherited)",
					"@executable_path/Frameworks",
					"@loader_path/Frameworks",
				);
				PRODUCT_BUNDLE_IDENTIFIER = boostio.BoostNoteUITests;
				PRODUCT_NAME = "$(TARGET_NAME)";
				SWIFT_VERSION = 5.0;
				TARGETED_DEVICE_FAMILY = "1,2";
				TEST_TARGET_NAME = BoostNote;
			};
			name = Release;
		};
/* End XCBuildConfiguration section */

/* Begin XCConfigurationList section */
		08D27AF423EC7DB0002D149A /* Build configuration list for PBXProject "BoostNote" */ = {
			isa = XCConfigurationList;
			buildConfigurations = (
				08D27B2123EC7DB2002D149A /* Debug */,
				08D27B2223EC7DB2002D149A /* Release */,
			);
			defaultConfigurationIsVisible = 0;
			defaultConfigurationName = Release;
		};
		08D27B2323EC7DB2002D149A /* Build configuration list for PBXNativeTarget "BoostNote" */ = {
			isa = XCConfigurationList;
			buildConfigurations = (
				08D27B2423EC7DB2002D149A /* Debug */,
				08D27B2523EC7DB2002D149A /* Release */,
			);
			defaultConfigurationIsVisible = 0;
			defaultConfigurationName = Release;
		};
		08D27B2623EC7DB2002D149A /* Build configuration list for PBXNativeTarget "BoostNoteTests" */ = {
			isa = XCConfigurationList;
			buildConfigurations = (
				08D27B2723EC7DB2002D149A /* Debug */,
				08D27B2823EC7DB2002D149A /* Release */,
			);
			defaultConfigurationIsVisible = 0;
			defaultConfigurationName = Release;
		};
		08D27B2923EC7DB2002D149A /* Build configuration list for PBXNativeTarget "BoostNoteUITests" */ = {
			isa = XCConfigurationList;
			buildConfigurations = (
				08D27B2A23EC7DB2002D149A /* Debug */,
				08D27B2B23EC7DB2002D149A /* Release */,
			);
			defaultConfigurationIsVisible = 0;
			defaultConfigurationName = Release;
		};
/* End XCConfigurationList section */
	};
	rootObject = 08D27AF123EC7DB0002D149A /* Project object */;
}
